
Microsoft Visual Studio Solution File, Format Version 12.00
# Visual Studio Version 16
VisualStudioVersion = 16.0.29519.87
MinimumVisualStudioVersion = 10.0.40219.1
Project("{2150E333-8FDC-42A3-9474-1A3956D46DE8}") = "20_MVVM", "20_MVVM", "{07A42B36-4101-44DF-B8D0-3FAEB724411A}"
EndProject
Project("{9A19103F-16F7-4668-BE54-9A1E7A4F7556}") = "Altkom.Shop.Models", "20_MVVM\Altkom.Shop.Models\Altkom.Shop.Models.csproj", "{778025BE-FEFC-4549-8D9F-C6D62823E739}"
EndProject
Project("{2150E333-8FDC-42A3-9474-1A3956D46DE8}") = "01_XAML", "01_XAML", "{DE6FFFF3-3A93-4530-9715-F7D72C1BEAD4}"
EndProject
Project("{2150E333-8FDC-42A3-9474-1A3956D46DE8}") = "02_WindowPage", "02_WindowPage", "{DC1A0A87-B3CF-43CD-A8FB-C6F564E4247C}"
EndProject
Project("{2150E333-8FDC-42A3-9474-1A3956D46DE8}") = "03_LayoutControls", "03_LayoutControls", "{34BD87DC-4284-4F6B-8EC8-A75D30F1742D}"
EndProject
Project("{2150E333-8FDC-42A3-9474-1A3956D46DE8}") = "04_ContentControls", "04_ContentControls", "{5B92154A-93AD-4E8A-B161-E6019F4D4AE4}"
EndProject
Project("{2150E333-8FDC-42A3-9474-1A3956D46DE8}") = "05_ItemsControls", "05_ItemsControls", "{5DA43421-B1E7-4236-8E2D-2C437B6856E7}"
EndProject
Project("{2150E333-8FDC-42A3-9474-1A3956D46DE8}") = "06_Styles", "06_Styles", "{F9705952-7531-4EC2-BCDD-444882CB429A}"
EndProject
Project("{2150E333-8FDC-42A3-9474-1A3956D46DE8}") = "07_DataTemplates", "07_DataTemplates", "{5E276B86-C373-456C-A46C-9B5A4176C668}"
EndProject
Project("{2150E333-8FDC-42A3-9474-1A3956D46DE8}") = "08_ControlTemplates", "08_ControlTemplates", "{35A2C9CC-1699-4962-B6B9-4BF2783857B9}"
EndProject
Project("{2150E333-8FDC-42A3-9474-1A3956D46DE8}") = "09_Resources", "09_Resources", "{D93B4CE6-38D4-4533-BDCC-AC95B37A2B53}"
EndProject
Project("{2150E333-8FDC-42A3-9474-1A3956D46DE8}") = "10_Bindings", "10_Bindings", "{BF6004A4-DB58-4548-8867-028B80FA1D80}"
EndProject
Project("{2150E333-8FDC-42A3-9474-1A3956D46DE8}") = "11_Converters", "11_Converters", "{114B1864-E539-42FE-B5BF-D31C9407B157}"
EndProject
Project("{2150E333-8FDC-42A3-9474-1A3956D46DE8}") = "12_Triggers", "12_Triggers", "{8EA43537-FA11-4CCF-B32F-B90E20414F85}"
EndProject
Project("{FAE04EC0-301F-11D3-BF4B-00C04F79EFBC}") = "WpfApp", "01_XAML\WpfApp\WpfApp.csproj", "{435BDB18-8D5C-4A2A-936D-F4A6C7D3907F}"
EndProject
Project("{FAE04EC0-301F-11D3-BF4B-00C04F79EFBC}") = "WpfApp", "02_WindowPage\WpfApp\WpfApp.csproj", "{2CF99F96-CADA-41A6-9FAC-E677DF4F7779}"
EndProject
Project("{FAE04EC0-301F-11D3-BF4B-00C04F79EFBC}") = "Altkom.Shop.WpfClient", "20_MVVM\Altkom.Shop.WpfClient\Altkom.Shop.WpfClient.csproj", "{1183788D-6220-4B12-ABB9-604F2E3B90B1}"
EndProject
Project("{FAE04EC0-301F-11D3-BF4B-00C04F79EFBC}") = "WpfApp", "03_LayoutControls\WpfApp\WpfApp.csproj", "{A65F3E6E-821B-4D54-B586-733D9AE152D5}"
EndProject
Project("{9A19103F-16F7-4668-BE54-9A1E7A4F7556}") = "Altkom.Shop.ViewModels", "20_MVVM\Altkom.Shop.ViewModels\Altkom.Shop.ViewModels.csproj", "{A5CD46D7-38D9-45E7-82C8-5B73B43095D7}"
EndProject
Project("{9A19103F-16F7-4668-BE54-9A1E7A4F7556}") = "Altkom.Shop.IServices", "20_MVVM\Altkom.Shop.IServices\Altkom.Shop.IServices.csproj", "{EEAD63AE-E0BB-4F8B-B27E-3D8D1F6A0B5F}"
EndProject
Project("{9A19103F-16F7-4668-BE54-9A1E7A4F7556}") = "Altkom.Shop.FakeServices", "20_MVVM\Altkom.Shop.FakeServices\Altkom.Shop.FakeServices.csproj", "{21AA5DD6-4ACC-4F79-9207-DEE6712E64EA}"
EndProject
Project("{FAE04EC0-301F-11D3-BF4B-00C04F79EFBC}") = "WpfApp", "10_Bindings\WpfApp\WpfApp.csproj", "{F61263CE-ED27-4BCD-AE67-429173CD0319}"
EndProject
Project("{FAE04EC0-301F-11D3-BF4B-00C04F79EFBC}") = "Altkom.Shop.DbServices", "20_MVVM\Altkom.Shop.DbServices\Altkom.Shop.DbServices.csproj", "{FE3146D2-D750-498C-8064-73CA78015C05}"
EndProject
Global
	GlobalSection(SolutionConfigurationPlatforms) = preSolution
		Debug|Any CPU = Debug|Any CPU
		Release|Any CPU = Release|Any CPU
	EndGlobalSection
	GlobalSection(ProjectConfigurationPlatforms) = postSolution
		{778025BE-FEFC-4549-8D9F-C6D62823E739}.Debug|Any CPU.ActiveCfg = Debug|Any CPU
		{778025BE-FEFC-4549-8D9F-C6D62823E739}.Debug|Any CPU.Build.0 = Debug|Any CPU
		{778025BE-FEFC-4549-8D9F-C6D62823E739}.Release|Any CPU.ActiveCfg = Release|Any CPU
		{778025BE-FEFC-4549-8D9F-C6D62823E739}.Release|Any CPU.Build.0 = Release|Any CPU
		{435BDB18-8D5C-4A2A-936D-F4A6C7D3907F}.Debug|Any CPU.ActiveCfg = Debug|Any CPU
		{435BDB18-8D5C-4A2A-936D-F4A6C7D3907F}.Debug|Any CPU.Build.0 = Debug|Any CPU
		{435BDB18-8D5C-4A2A-936D-F4A6C7D3907F}.Release|Any CPU.ActiveCfg = Release|Any CPU
		{435BDB18-8D5C-4A2A-936D-F4A6C7D3907F}.Release|Any CPU.Build.0 = Release|Any CPU
		{2CF99F96-CADA-41A6-9FAC-E677DF4F7779}.Debug|Any CPU.ActiveCfg = Debug|Any CPU
		{2CF99F96-CADA-41A6-9FAC-E677DF4F7779}.Debug|Any CPU.Build.0 = Debug|Any CPU
		{2CF99F96-CADA-41A6-9FAC-E677DF4F7779}.Release|Any CPU.ActiveCfg = Release|Any CPU
		{2CF99F96-CADA-41A6-9FAC-E677DF4F7779}.Release|Any CPU.Build.0 = Release|Any CPU
		{1183788D-6220-4B12-ABB9-604F2E3B90B1}.Debug|Any CPU.ActiveCfg = Debug|Any CPU
		{1183788D-6220-4B12-ABB9-604F2E3B90B1}.Debug|Any CPU.Build.0 = Debug|Any CPU
		{1183788D-6220-4B12-ABB9-604F2E3B90B1}.Release|Any CPU.ActiveCfg = Release|Any CPU
		{1183788D-6220-4B12-ABB9-604F2E3B90B1}.Release|Any CPU.Build.0 = Release|Any CPU
		{A65F3E6E-821B-4D54-B586-733D9AE152D5}.Debug|Any CPU.ActiveCfg = Debug|Any CPU
		{A65F3E6E-821B-4D54-B586-733D9AE152D5}.Debug|Any CPU.Build.0 = Debug|Any CPU
		{A65F3E6E-821B-4D54-B586-733D9AE152D5}.Release|Any CPU.ActiveCfg = Release|Any CPU
		{A65F3E6E-821B-4D54-B586-733D9AE152D5}.Release|Any CPU.Build.0 = Release|Any CPU
		{A5CD46D7-38D9-45E7-82C8-5B73B43095D7}.Debug|Any CPU.ActiveCfg = Debug|Any CPU
		{A5CD46D7-38D9-45E7-82C8-5B73B43095D7}.Debug|Any CPU.Build.0 = Debug|Any CPU
		{A5CD46D7-38D9-45E7-82C8-5B73B43095D7}.Release|Any CPU.ActiveCfg = Release|Any CPU
		{A5CD46D7-38D9-45E7-82C8-5B73B43095D7}.Release|Any CPU.Build.0 = Release|Any CPU
		{EEAD63AE-E0BB-4F8B-B27E-3D8D1F6A0B5F}.Debug|Any CPU.ActiveCfg = Debug|Any CPU
		{EEAD63AE-E0BB-4F8B-B27E-3D8D1F6A0B5F}.Debug|Any CPU.Build.0 = Debug|Any CPU
		{EEAD63AE-E0BB-4F8B-B27E-3D8D1F6A0B5F}.Release|Any CPU.ActiveCfg = Release|Any CPU
		{EEAD63AE-E0BB-4F8B-B27E-3D8D1F6A0B5F}.Release|Any CPU.Build.0 = Release|Any CPU
		{21AA5DD6-4ACC-4F79-9207-DEE6712E64EA}.Debug|Any CPU.ActiveCfg = Debug|Any CPU
		{21AA5DD6-4ACC-4F79-9207-DEE6712E64EA}.Debug|Any CPU.Build.0 = Debug|Any CPU
		{21AA5DD6-4ACC-4F79-9207-DEE6712E64EA}.Release|Any CPU.ActiveCfg = Release|Any CPU
		{21AA5DD6-4ACC-4F79-9207-DEE6712E64EA}.Release|Any CPU.Build.0 = Release|Any CPU
		{F61263CE-ED27-4BCD-AE67-429173CD0319}.Debug|Any CPU.ActiveCfg = Debug|Any CPU
		{F61263CE-ED27-4BCD-AE67-429173CD0319}.Debug|Any CPU.Build.0 = Debug|Any CPU
		{F61263CE-ED27-4BCD-AE67-429173CD0319}.Release|Any CPU.ActiveCfg = Release|Any CPU
		{F61263CE-ED27-4BCD-AE67-429173CD0319}.Release|Any CPU.Build.0 = Release|Any CPU
		{FE3146D2-D750-498C-8064-73CA78015C05}.Debug|Any CPU.ActiveCfg = Debug|Any CPU
		{FE3146D2-D750-498C-8064-73CA78015C05}.Debug|Any CPU.Build.0 = Debug|Any CPU
		{FE3146D2-D750-498C-8064-73CA78015C05}.Release|Any CPU.ActiveCfg = Release|Any CPU
		{FE3146D2-D750-498C-8064-73CA78015C05}.Release|Any CPU.Build.0 = Release|Any CPU
	EndGlobalSection
	GlobalSection(SolutionProperties) = preSolution
		HideSolutionNode = FALSE
	EndGlobalSection
	GlobalSection(NestedProjects) = preSolution
		{778025BE-FEFC-4549-8D9F-C6D62823E739} = {07A42B36-4101-44DF-B8D0-3FAEB724411A}
		{435BDB18-8D5C-4A2A-936D-F4A6C7D3907F} = {DE6FFFF3-3A93-4530-9715-F7D72C1BEAD4}
		{2CF99F96-CADA-41A6-9FAC-E677DF4F7779} = {DC1A0A87-B3CF-43CD-A8FB-C6F564E4247C}
		{1183788D-6220-4B12-ABB9-604F2E3B90B1} = {07A42B36-4101-44DF-B8D0-3FAEB724411A}
		{A65F3E6E-821B-4D54-B586-733D9AE152D5} = {34BD87DC-4284-4F6B-8EC8-A75D30F1742D}
		{A5CD46D7-38D9-45E7-82C8-5B73B43095D7} = {07A42B36-4101-44DF-B8D0-3FAEB724411A}
		{EEAD63AE-E0BB-4F8B-B27E-3D8D1F6A0B5F} = {07A42B36-4101-44DF-B8D0-3FAEB724411A}
		{21AA5DD6-4ACC-4F79-9207-DEE6712E64EA} = {07A42B36-4101-44DF-B8D0-3FAEB724411A}
		{F61263CE-ED27-4BCD-AE67-429173CD0319} = {BF6004A4-DB58-4548-8867-028B80FA1D80}
		{FE3146D2-D750-498C-8064-73CA78015C05} = {07A42B36-4101-44DF-B8D0-3FAEB724411A}
	EndGlobalSection
	GlobalSection(ExtensibilityGlobals) = postSolution
		SolutionGuid = {5D0A9CCF-6DB8-4739-B2B8-6F3588101C20}
	EndGlobalSection
EndGlobal
